
Microsoft Visual Studio Solution File, Format Version 12.00
# Visual Studio 14
VisualStudioVersion = 14.0.23107.0
MinimumVisualStudioVersion = 10.0.40219.1
Project("{FAE04EC0-301F-11D3-BF4B-00C04F79EFBC}") = "PexelsNet", "PexelsNet\PexelsNet.csproj", "{55F9F5AF-565E-4B4A-BA73-E3D7438A5F11}"
EndProject
Global
	GlobalSection(SolutionConfigurationPlatforms) = preSolution
		Debug|Any CPU = Debug|Any CPU
		Release|Any CPU = Release|Any CPU
	EndGlobalSection
	GlobalSection(ProjectConfigurationPlatforms) = postSolution
		{55F9F5AF-565E-4B4A-BA73-E3D7438A5F11}.Debug|Any CPU.ActiveCfg = Debug|Any CPU
		{55F9F5AF-565E-4B4A-BA73-E3D7438A5F11}.Debug|Any CPU.Build.0 = Debug|Any CPU
		{55F9F5AF-565E-4B4A-BA73-E3D7438A5F11}.Release|Any CPU.ActiveCfg = Release|Any CPU
		{55F9F5AF-565E-4B4A-BA73-E3D7438A5F11}.Release|Any CPU.Build.0 = Release|Any CPU
	EndGlobalSection
	GlobalSection(SolutionProperties) = preSolution
		HideSolutionNode = FALSE
	EndGlobalSection
EndGlobal
