
Microsoft Visual Studio Solution File, Format Version 12.00
# Visual Studio Version 16
VisualStudioVersion = 16.0.29306.81
MinimumVisualStudioVersion = 10.0.40219.1
Project("{9A19103F-16F7-4668-BE54-9A1E7A4F7556}") = "PexelsNet", "PexelsNet\PexelsNet.csproj", "{55F9F5AF-565E-4B4A-BA73-E3D7438A5F11}"
EndProject
Project("{9A19103F-16F7-4668-BE54-9A1E7A4F7556}") = "PexelsNet.Tests", "PexelsNet.Tests\PexelsNet.Tests.csproj", "{CFE86038-918E-4DAF-8A0A-7FB27D7E8C11}"
EndProject
Global
	GlobalSection(SolutionConfigurationPlatforms) = preSolution
		Debug|Any CPU = Debug|Any CPU
		Release|Any CPU = Release|Any CPU
	EndGlobalSection
	GlobalSection(ProjectConfigurationPlatforms) = postSolution
		{55F9F5AF-565E-4B4A-BA73-E3D7438A5F11}.Debug|Any CPU.ActiveCfg = Debug|Any CPU
		{55F9F5AF-565E-4B4A-BA73-E3D7438A5F11}.Debug|Any CPU.Build.0 = Debug|Any CPU
		{55F9F5AF-565E-4B4A-BA73-E3D7438A5F11}.Release|Any CPU.ActiveCfg = Release|Any CPU
		{55F9F5AF-565E-4B4A-BA73-E3D7438A5F11}.Release|Any CPU.Build.0 = Release|Any CPU
		{CFE86038-918E-4DAF-8A0A-7FB27D7E8C11}.Debug|Any CPU.ActiveCfg = Debug|Any CPU
		{CFE86038-918E-4DAF-8A0A-7FB27D7E8C11}.Debug|Any CPU.Build.0 = Debug|Any CPU
		{CFE86038-918E-4DAF-8A0A-7FB27D7E8C11}.Release|Any CPU.ActiveCfg = Release|Any CPU
		{CFE86038-918E-4DAF-8A0A-7FB27D7E8C11}.Release|Any CPU.Build.0 = Release|Any CPU
	EndGlobalSection
	GlobalSection(SolutionProperties) = preSolution
		HideSolutionNode = FALSE
	EndGlobalSection
	GlobalSection(ExtensibilityGlobals) = postSolution
		SolutionGuid = {A6B88A99-8D95-40C0-9F90-706BB235CF32}
	EndGlobalSection
EndGlobal
